// !$*UTF8*$!
{
	archiveVersion = 1;
	classes = {
	};
	objectVersion = 56;
	objects = {

/* Begin PBXBuildFile section */
		C24EAE912C89957100717DF5 /* AppDelegate.swift in Sources */ = {isa = PBXBuildFile; fileRef = C24EAE902C89957100717DF5 /* AppDelegate.swift */; };
		C24EAE932C89957100717DF5 /* SceneDelegate.swift in Sources */ = {isa = PBXBuildFile; fileRef = C24EAE922C89957100717DF5 /* SceneDelegate.swift */; };
		C24EAE952C89957100717DF5 /* ViewController.swift in Sources */ = {isa = PBXBuildFile; fileRef = C24EAE942C89957100717DF5 /* ViewController.swift */; };
		C24EAE982C89957100717DF5 /* Main.storyboard in Resources */ = {isa = PBXBuildFile; fileRef = C24EAE962C89957100717DF5 /* Main.storyboard */; };
		C24EAE9A2C89957300717DF5 /* Assets.xcassets in Resources */ = {isa = PBXBuildFile; fileRef = C24EAE992C89957300717DF5 /* Assets.xcassets */; };
		C24EAE9D2C89957300717DF5 /* LaunchScreen.storyboard in Resources */ = {isa = PBXBuildFile; fileRef = C24EAE9B2C89957300717DF5 /* LaunchScreen.storyboard */; };
		C24EAEA82C89957300717DF5 /* CustomAlertViewTests.swift in Sources */ = {isa = PBXBuildFile; fileRef = C24EAEA72C89957300717DF5 /* CustomAlertViewTests.swift */; };
		C24EAEB22C89957300717DF5 /* CustomAlertViewUITests.swift in Sources */ = {isa = PBXBuildFile; fileRef = C24EAEB12C89957300717DF5 /* CustomAlertViewUITests.swift */; };
		C24EAEB42C89957300717DF5 /* CustomAlertViewUITestsLaunchTests.swift in Sources */ = {isa = PBXBuildFile; fileRef = C24EAEB32C89957300717DF5 /* CustomAlertViewUITestsLaunchTests.swift */; };
		C24EAEC82C89A21F00717DF5 /* customVC.swift in Sources */ = {isa = PBXBuildFile; fileRef = C24EAEC72C89A21F00717DF5 /* customVC.swift */; };
/* End PBXBuildFile section */

/* Begin PBXContainerItemProxy section */
		C24EAEA42C89957300717DF5 /* PBXContainerItemProxy */ = {
			isa = PBXContainerItemProxy;
			containerPortal = C24EAE852C89957100717DF5 /* Project object */;
			proxyType = 1;
			remoteGlobalIDString = C24EAE8C2C89957100717DF5;
			remoteInfo = CustomAlertView;
		};
		C24EAEAE2C89957300717DF5 /* PBXContainerItemProxy */ = {
			isa = PBXContainerItemProxy;
			containerPortal = C24EAE852C89957100717DF5 /* Project object */;
			proxyType = 1;
			remoteGlobalIDString = C24EAE8C2C89957100717DF5;
			remoteInfo = CustomAlertView;
		};
/* End PBXContainerItemProxy section */

/* Begin PBXFileReference section */
		C24EAE8D2C89957100717DF5 /* CustomAlertView.app */ = {isa = PBXFileReference; explicitFileType = wrapper.application; includeInIndex = 0; path = CustomAlertView.app; sourceTree = BUILT_PRODUCTS_DIR; };
		C24EAE902C89957100717DF5 /* AppDelegate.swift */ = {isa = PBXFileReference; lastKnownFileType = sourcecode.swift; path = AppDelegate.swift; sourceTree = "<group>"; };
		C24EAE922C89957100717DF5 /* SceneDelegate.swift */ = {isa = PBXFileReference; lastKnownFileType = sourcecode.swift; path = SceneDelegate.swift; sourceTree = "<group>"; };
		C24EAE942C89957100717DF5 /* ViewController.swift */ = {isa = PBXFileReference; lastKnownFileType = sourcecode.swift; path = ViewController.swift; sourceTree = "<group>"; };
		C24EAE972C89957100717DF5 /* Base */ = {isa = PBXFileReference; lastKnownFileType = file.storyboard; name = Base; path = Base.lproj/Main.storyboard; sourceTree = "<group>"; };
		C24EAE992C89957300717DF5 /* Assets.xcassets */ = {isa = PBXFileReference; lastKnownFileType = folder.assetcatalog; path = Assets.xcassets; sourceTree = "<group>"; };
		C24EAE9C2C89957300717DF5 /* Base */ = {isa = PBXFileReference; lastKnownFileType = file.storyboard; name = Base; path = Base.lproj/LaunchScreen.storyboard; sourceTree = "<group>"; };
		C24EAE9E2C89957300717DF5 /* Info.plist */ = {isa = PBXFileReference; lastKnownFileType = text.plist.xml; path = Info.plist; sourceTree = "<group>"; };
		C24EAEA32C89957300717DF5 /* CustomAlertViewTests.xctest */ = {isa = PBXFileReference; explicitFileType = wrapper.cfbundle; includeInIndex = 0; path = CustomAlertViewTests.xctest; sourceTree = BUILT_PRODUCTS_DIR; };
		C24EAEA72C89957300717DF5 /* CustomAlertViewTests.swift */ = {isa = PBXFileReference; lastKnownFileType = sourcecode.swift; path = CustomAlertViewTests.swift; sourceTree = "<group>"; };
		C24EAEAD2C89957300717DF5 /* CustomAlertViewUITests.xctest */ = {isa = PBXFileReference; explicitFileType = wrapper.cfbundle; includeInIndex = 0; path = CustomAlertViewUITests.xctest; sourceTree = BUILT_PRODUCTS_DIR; };
		C24EAEB12C89957300717DF5 /* CustomAlertViewUITests.swift */ = {isa = PBXFileReference; lastKnownFileType = sourcecode.swift; path = CustomAlertViewUITests.swift; sourceTree = "<group>"; };
		C24EAEB32C89957300717DF5 /* CustomAlertViewUITestsLaunchTests.swift */ = {isa = PBXFileReference; lastKnownFileType = sourcecode.swift; path = CustomAlertViewUITestsLaunchTests.swift; sourceTree = "<group>"; };
		C24EAEC72C89A21F00717DF5 /* customVC.swift */ = {isa = PBXFileReference; lastKnownFileType = sourcecode.swift; path = customVC.swift; sourceTree = "<group>"; };
/* End PBXFileReference section */

/* Begin PBXFrameworksBuildPhase section */
		C24EAE8A2C89957100717DF5 /* Frameworks */ = {
			isa = PBXFrameworksBuildPhase;
			buildActionMask = 2147483647;
			files = (
			);
			runOnlyForDeploymentPostprocessing = 0;
		};
		C24EAEA02C89957300717DF5 /* Frameworks */ = {
			isa = PBXFrameworksBuildPhase;
			buildActionMask = 2147483647;
			files = (
			);
			runOnlyForDeploymentPostprocessing = 0;
		};
		C24EAEAA2C89957300717DF5 /* Frameworks */ = {
			isa = PBXFrameworksBuildPhase;
			buildActionMask = 2147483647;
			files = (
			);
			runOnlyForDeploymentPostprocessing = 0;
		};
/* End PBXFrameworksBuildPhase section */

/* Begin PBXGroup section */
		C24EAE842C89957100717DF5 = {
			isa = PBXGroup;
			children = (
				C24EAE8F2C89957100717DF5 /* CustomAlertView */,
				C24EAEA62C89957300717DF5 /* CustomAlertViewTests */,
				C24EAEB02C89957300717DF5 /* CustomAlertViewUITests */,
				C24EAE8E2C89957100717DF5 /* Products */,
			);
			sourceTree = "<group>";
		};
		C24EAE8E2C89957100717DF5 /* Products */ = {
			isa = PBXGroup;
			children = (
				C24EAE8D2C89957100717DF5 /* CustomAlertView.app */,
				C24EAEA32C89957300717DF5 /* CustomAlertViewTests.xctest */,
				C24EAEAD2C89957300717DF5 /* CustomAlertViewUITests.xctest */,
			);
			name = Products;
			sourceTree = "<group>";
		};
		C24EAE8F2C89957100717DF5 /* CustomAlertView */ = {
			isa = PBXGroup;
			children = (
				C24EAE902C89957100717DF5 /* AppDelegate.swift */,
				C24EAE922C89957100717DF5 /* SceneDelegate.swift */,
				C24EAE942C89957100717DF5 /* ViewController.swift */,
				C24EAEC72C89A21F00717DF5 /* customVC.swift */,
				C24EAE962C89957100717DF5 /* Main.storyboard */,
				C24EAE992C89957300717DF5 /* Assets.xcassets */,
				C24EAE9B2C89957300717DF5 /* LaunchScreen.storyboard */,
				C24EAE9E2C89957300717DF5 /* Info.plist */,
			);
			path = CustomAlertView;
			sourceTree = "<group>";
		};
		C24EAEA62C89957300717DF5 /* CustomAlertViewTests */ = {
			isa = PBXGroup;
			children = (
				C24EAEA72C89957300717DF5 /* CustomAlertViewTests.swift */,
			);
			path = CustomAlertViewTests;
			sourceTree = "<group>";
		};
		C24EAEB02C89957300717DF5 /* CustomAlertViewUITests */ = {
			isa = PBXGroup;
			children = (
				C24EAEB12C89957300717DF5 /* CustomAlertViewUITests.swift */,
				C24EAEB32C89957300717DF5 /* CustomAlertViewUITestsLaunchTests.swift */,
			);
			path = CustomAlertViewUITests;
			sourceTree = "<group>";
		};
/* End PBXGroup section */

/* Begin PBXNativeTarget section */
		C24EAE8C2C89957100717DF5 /* CustomAlertView */ = {
			isa = PBXNativeTarget;
			buildConfigurationList = C24EAEB72C89957300717DF5 /* Build configuration list for PBXNativeTarget "CustomAlertView" */;
			buildPhases = (
				C24EAE892C89957100717DF5 /* Sources */,
				C24EAE8A2C89957100717DF5 /* Frameworks */,
				C24EAE8B2C89957100717DF5 /* Resources */,
			);
			buildRules = (
			);
			dependencies = (
			);
			name = CustomAlertView;
			productName = CustomAlertView;
			productReference = C24EAE8D2C89957100717DF5 /* CustomAlertView.app */;
			productType = "com.apple.product-type.application";
		};
		C24EAEA22C89957300717DF5 /* CustomAlertViewTests */ = {
			isa = PBXNativeTarget;
			buildConfigurationList = C24EAEBA2C89957300717DF5 /* Build configuration list for PBXNativeTarget "CustomAlertViewTests" */;
			buildPhases = (
				C24EAE9F2C89957300717DF5 /* Sources */,
				C24EAEA02C89957300717DF5 /* Frameworks */,
				C24EAEA12C89957300717DF5 /* Resources */,
			);
			buildRules = (
			);
			dependencies = (
				C24EAEA52C89957300717DF5 /* PBXTargetDependency */,
			);
			name = CustomAlertViewTests;
			productName = CustomAlertViewTests;
			productReference = C24EAEA32C89957300717DF5 /* CustomAlertViewTests.xctest */;
			productType = "com.apple.product-type.bundle.unit-test";
		};
		C24EAEAC2C89957300717DF5 /* CustomAlertViewUITests */ = {
			isa = PBXNativeTarget;
			buildConfigurationList = C24EAEBD2C89957300717DF5 /* Build configuration list for PBXNativeTarget "CustomAlertViewUITests" */;
			buildPhases = (
				C24EAEA92C89957300717DF5 /* Sources */,
				C24EAEAA2C89957300717DF5 /* Frameworks */,
				C24EAEAB2C89957300717DF5 /* Resources */,
			);
			buildRules = (
			);
			dependencies = (
				C24EAEAF2C89957300717DF5 /* PBXTargetDependency */,
			);
			name = CustomAlertViewUITests;
			productName = CustomAlertViewUITests;
			productReference = C24EAEAD2C89957300717DF5 /* CustomAlertViewUITests.xctest */;
			productType = "com.apple.product-type.bundle.ui-testing";
		};
/* End PBXNativeTarget section */

/* Begin PBXProject section */
		C24EAE852C89957100717DF5 /* Project object */ = {
			isa = PBXProject;
			attributes = {
				BuildIndependentTargetsInParallel = 1;
				LastSwiftUpdateCheck = 1510;
				LastUpgradeCheck = 1510;
				TargetAttributes = {
					C24EAE8C2C89957100717DF5 = {
						CreatedOnToolsVersion = 15.1;
					};
					C24EAEA22C89957300717DF5 = {
						CreatedOnToolsVersion = 15.1;
						TestTargetID = C24EAE8C2C89957100717DF5;
					};
					C24EAEAC2C89957300717DF5 = {
						CreatedOnToolsVersion = 15.1;
						TestTargetID = C24EAE8C2C89957100717DF5;
					};
				};
			};
			buildConfigurationList = C24EAE882C89957100717DF5 /* Build configuration list for PBXProject "CustomAlertView" */;
			compatibilityVersion = "Xcode 14.0";
			developmentRegion = en;
			hasScannedForEncodings = 0;
			knownRegions = (
				en,
				Base,
			);
			mainGroup = C24EAE842C89957100717DF5;
			productRefGroup = C24EAE8E2C89957100717DF5 /* Products */;
			projectDirPath = "";
			projectRoot = "";
			targets = (
				C24EAE8C2C89957100717DF5 /* CustomAlertView */,
				C24EAEA22C89957300717DF5 /* CustomAlertViewTests */,
				C24EAEAC2C89957300717DF5 /* CustomAlertViewUITests */,
			);
		};
/* End PBXProject section */

/* Begin PBXResourcesBuildPhase section */
		C24EAE8B2C89957100717DF5 /* Resources */ = {
			isa = PBXResourcesBuildPhase;
			buildActionMask = 2147483647;
			files = (
				C24EAE9D2C89957300717DF5 /* LaunchScreen.storyboard in Resources */,
				C24EAE9A2C89957300717DF5 /* Assets.xcassets in Resources */,
				C24EAE982C89957100717DF5 /* Main.storyboard in Resources */,
			);
			runOnlyForDeploymentPostprocessing = 0;
		};
		C24EAEA12C89957300717DF5 /* Resources */ = {
			isa = PBXResourcesBuildPhase;
			buildActionMask = 2147483647;
			files = (
			);
			runOnlyForDeploymentPostprocessing = 0;
		};
		C24EAEAB2C89957300717DF5 /* Resources */ = {
			isa = PBXResourcesBuildPhase;
			buildActionMask = 2147483647;
			files = (
			);
			runOnlyForDeploymentPostprocessing = 0;
		};
/* End PBXResourcesBuildPhase section */

/* Begin PBXSourcesBuildPhase section */
		C24EAE892C89957100717DF5 /* Sources */ = {
			isa = PBXSourcesBuildPhase;
			buildActionMask = 2147483647;
			files = (
				C24EAE952C89957100717DF5 /* ViewController.swift in Sources */,
				C24EAEC82C89A21F00717DF5 /* customVC.swift in Sources */,
				C24EAE912C89957100717DF5 /* AppDelegate.swift in Sources */,
				C24EAE932C89957100717DF5 /* SceneDelegate.swift in Sources */,
			);
			runOnlyForDeploymentPostprocessing = 0;
		};
		C24EAE9F2C89957300717DF5 /* Sources */ = {
			isa = PBXSourcesBuildPhase;
			buildActionMask = 2147483647;
			files = (
				C24EAEA82C89957300717DF5 /* CustomAlertViewTests.swift in Sources */,
			);
			runOnlyForDeploymentPostprocessing = 0;
		};
		C24EAEA92C89957300717DF5 /* Sources */ = {
			isa = PBXSourcesBuildPhase;
			buildActionMask = 2147483647;
			files = (
				C24EAEB22C89957300717DF5 /* CustomAlertViewUITests.swift in Sources */,
				C24EAEB42C89957300717DF5 /* CustomAlertViewUITestsLaunchTests.swift in Sources */,
			);
			runOnlyForDeploymentPostprocessing = 0;
		};
/* End PBXSourcesBuildPhase section */

/* Begin PBXTargetDependency section */
		C24EAEA52C89957300717DF5 /* PBXTargetDependency */ = {
			isa = PBXTargetDependency;
			target = C24EAE8C2C89957100717DF5 /* CustomAlertView */;
			targetProxy = C24EAEA42C89957300717DF5 /* PBXContainerItemProxy */;
		};
		C24EAEAF2C89957300717DF5 /* PBXTargetDependency */ = {
			isa = PBXTargetDependency;
			target = C24EAE8C2C89957100717DF5 /* CustomAlertView */;
			targetProxy = C24EAEAE2C89957300717DF5 /* PBXContainerItemProxy */;
		};
/* End PBXTargetDependency section */

/* Begin PBXVariantGroup section */
		C24EAE962C89957100717DF5 /* Main.storyboard */ = {
			isa = PBXVariantGroup;
			children = (
				C24EAE972C89957100717DF5 /* Base */,
			);
			name = Main.storyboard;
			sourceTree = "<group>";
		};
		C24EAE9B2C89957300717DF5 /* LaunchScreen.storyboard */ = {
			isa = PBXVariantGroup;
			children = (
				C24EAE9C2C89957300717DF5 /* Base */,
			);
			name = LaunchScreen.storyboard;
			sourceTree = "<group>";
		};
/* End PBXVariantGroup section */

/* Begin XCBuildConfiguration section */
		C24EAEB52C89957300717DF5 /* Debug */ = {
			isa = XCBuildConfiguration;
			buildSettings = {
				ALWAYS_SEARCH_USER_PATHS = NO;
				ASSETCATALOG_COMPILER_GENERATE_SWIFT_ASSET_SYMBOL_EXTENSIONS = YES;
				CLANG_ANALYZER_NONNULL = YES;
				CLANG_ANALYZER_NUMBER_OBJECT_CONVERSION = YES_AGGRESSIVE;
				CLANG_CXX_LANGUAGE_STANDARD = "gnu++20";
				CLANG_ENABLE_MODULES = YES;
				CLANG_ENABLE_OBJC_ARC = YES;
				CLANG_ENABLE_OBJC_WEAK = YES;
				CLANG_WARN_BLOCK_CAPTURE_AUTORELEASING = YES;
				CLANG_WARN_BOOL_CONVERSION = YES;
				CLANG_WARN_COMMA = YES;
				CLANG_WARN_CONSTANT_CONVERSION = YES;
				CLANG_WARN_DEPRECATED_OBJC_IMPLEMENTATIONS = YES;
				CLANG_WARN_DIRECT_OBJC_ISA_USAGE = YES_ERROR;
				CLANG_WARN_DOCUMENTATION_COMMENTS = YES;
				CLANG_WARN_EMPTY_BODY = YES;
				CLANG_WARN_ENUM_CONVERSION = YES;
				CLANG_WARN_INFINITE_RECURSION = YES;
				CLANG_WARN_INT_CONVERSION = YES;
				CLANG_WARN_NON_LITERAL_NULL_CONVERSION = YES;
				CLANG_WARN_OBJC_IMPLICIT_RETAIN_SELF = YES;
				CLANG_WARN_OBJC_LITERAL_CONVERSION = YES;
				CLANG_WARN_OBJC_ROOT_CLASS = YES_ERROR;
				CLANG_WARN_QUOTED_INCLUDE_IN_FRAMEWORK_HEADER = YES;
				CLANG_WARN_RANGE_LOOP_ANALYSIS = YES;
				CLANG_WARN_STRICT_PROTOTYPES = YES;
				CLANG_WARN_SUSPICIOUS_MOVE = YES;
				CLANG_WARN_UNGUARDED_AVAILABILITY = YES_AGGRESSIVE;
				CLANG_WARN_UNREACHABLE_CODE = YES;
				CLANG_WARN__DUPLICATE_METHOD_MATCH = YES;
				COPY_PHASE_STRIP = NO;
				DEBUG_INFORMATION_FORMAT = dwarf;
				ENABLE_STRICT_OBJC_MSGSEND = YES;
				ENABLE_TESTABILITY = YES;
				ENABLE_USER_SCRIPT_SANDBOXING = YES;
				GCC_C_LANGUAGE_STANDARD = gnu17;
				GCC_DYNAMIC_NO_PIC = NO;
				GCC_NO_COMMON_BLOCKS = YES;
				GCC_OPTIMIZATION_LEVEL = 0;
				GCC_PREPROCESSOR_DEFINITIONS = (
					"DEBUG=1",
					"$(inherited)",
				);
				GCC_WARN_64_TO_32_BIT_CONVERSION = YES;
				GCC_WARN_ABOUT_RETURN_TYPE = YES_ERROR;
				GCC_WARN_UNDECLARED_SELECTOR = YES;
				GCC_WARN_UNINITIALIZED_AUTOS = YES_AGGRESSIVE;
				GCC_WARN_UNUSED_FUNCTION = YES;
				GCC_WARN_UNUSED_VARIABLE = YES;
				IPHONEOS_DEPLOYMENT_TARGET = 17.2;
				LOCALIZATION_PREFERS_STRING_CATALOGS = YES;
				MTL_ENABLE_DEBUG_INFO = INCLUDE_SOURCE;
				MTL_FAST_MATH = YES;
				ONLY_ACTIVE_ARCH = YES;
				SDKROOT = iphoneos;
				SWIFT_ACTIVE_COMPILATION_CONDITIONS = "DEBUG $(inherited)";
				SWIFT_OPTIMIZATION_LEVEL = "-Onone";
			};
			name = Debug;
		};
		C24EAEB62C89957300717DF5 /* Release */ = {
			isa = XCBuildConfiguration;
			buildSettings = {
				ALWAYS_SEARCH_USER_PATHS = NO;
				ASSETCATALOG_COMPILER_GENERATE_SWIFT_ASSET_SYMBOL_EXTENSIONS = YES;
				CLANG_ANALYZER_NONNULL = YES;
				CLANG_ANALYZER_NUMBER_OBJECT_CONVERSION = YES_AGGRESSIVE;
				CLANG_CXX_LANGUAGE_STANDARD = "gnu++20";
				CLANG_ENABLE_MODULES = YES;
				CLANG_ENABLE_OBJC_ARC = YES;
				CLANG_ENABLE_OBJC_WEAK = YES;
				CLANG_WARN_BLOCK_CAPTURE_AUTORELEASING = YES;
				CLANG_WARN_BOOL_CONVERSION = YES;
				CLANG_WARN_COMMA = YES;
				CLANG_WARN_CONSTANT_CONVERSION = YES;
				CLANG_WARN_DEPRECATED_OBJC_IMPLEMENTATIONS = YES;
				CLANG_WARN_DIRECT_OBJC_ISA_USAGE = YES_ERROR;
				CLANG_WARN_DOCUMENTATION_COMMENTS = YES;
				CLANG_WARN_EMPTY_BODY = YES;
				CLANG_WARN_ENUM_CONVERSION = YES;
				CLANG_WARN_INFINITE_RECURSION = YES;
				CLANG_WARN_INT_CONVERSION = YES;
				CLANG_WARN_NON_LITERAL_NULL_CONVERSION = YES;
				CLANG_WARN_OBJC_IMPLICIT_RETAIN_SELF = YES;
				CLANG_WARN_OBJC_LITERAL_CONVERSION = YES;
				CLANG_WARN_OBJC_ROOT_CLASS = YES_ERROR;
				CLANG_WARN_QUOTED_INCLUDE_IN_FRAMEWORK_HEADER = YES;
				CLANG_WARN_RANGE_LOOP_ANALYSIS = YES;
				CLANG_WARN_STRICT_PROTOTYPES = YES;
				CLANG_WARN_SUSPICIOUS_MOVE = YES;
				CLANG_WARN_UNGUARDED_AVAILABILITY = YES_AGGRESSIVE;
				CLANG_WARN_UNREACHABLE_CODE = YES;
				CLANG_WARN__DUPLICATE_METHOD_MATCH = YES;
				COPY_PHASE_STRIP = NO;
				DEBUG_INFORMATION_FORMAT = "dwarf-with-dsym";
				ENABLE_NS_ASSERTIONS = NO;
				ENABLE_STRICT_OBJC_MSGSEND = YES;
				ENABLE_USER_SCRIPT_SANDBOXING = YES;
				GCC_C_LANGUAGE_STANDARD = gnu17;
				GCC_NO_COMMON_BLOCKS = YES;
				GCC_WARN_64_TO_32_BIT_CONVERSION = YES;
				GCC_WARN_ABOUT_RETURN_TYPE = YES_ERROR;
				GCC_WARN_UNDECLARED_SELECTOR = YES;
				GCC_WARN_UNINITIALIZED_AUTOS = YES_AGGRESSIVE;
				GCC_WARN_UNUSED_FUNCTION = YES;
				GCC_WARN_UNUSED_VARIABLE = YES;
				IPHONEOS_DEPLOYMENT_TARGET = 17.2;
				LOCALIZATION_PREFERS_STRING_CATALOGS = YES;
				MTL_ENABLE_DEBUG_INFO = NO;
				MTL_FAST_MATH = YES;
				SDKROOT = iphoneos;
				SWIFT_COMPILATION_MODE = wholemodule;
				VALIDATE_PRODUCT = YES;
			};
			name = Release;
		};
		C24EAEB82C89957300717DF5 /* Debug */ = {
			isa = XCBuildConfiguration;
			buildSettings = {
				ASSETCATALOG_COMPILER_APPICON_NAME = AppIcon;
				ASSETCATALOG_COMPILER_GLOBAL_ACCENT_COLOR_NAME = AccentColor;
				CODE_SIGN_STYLE = Automatic;
				CURRENT_PROJECT_VERSION = 1;
				GENERATE_INFOPLIST_FILE = YES;
				INFOPLIST_FILE = CustomAlertView/Info.plist;
				INFOPLIST_KEY_UIApplicationSupportsIndirectInputEvents = YES;
				INFOPLIST_KEY_UILaunchStoryboardName = LaunchScreen;
				INFOPLIST_KEY_UIMainStoryboardFile = Main;
				INFOPLIST_KEY_UISupportedInterfaceOrientations_iPad = "UIInterfaceOrientationPortrait UIInterfaceOrientationPortraitUpsideDown UIInterfaceOrientationLandscapeLeft UIInterfaceOrientationLandscapeRight";
				INFOPLIST_KEY_UISupportedInterfaceOrientations_iPhone = "UIInterfaceOrientationPortrait UIInterfaceOrientationLandscapeLeft UIInterfaceOrientationLandscapeRight";
				LD_RUNPATH_SEARCH_PATHS = (
					"$(inherited)",
					"@executable_path/Frameworks",
				);
				MARKETING_VERSION = 1.0;
				PRODUCT_BUNDLE_IDENTIFIER = com.microsoft.Office.Outlook.CustomAlertView;
				PRODUCT_NAME = "$(TARGET_NAME)";
				SWIFT_EMIT_LOC_STRINGS = YES;
				SWIFT_VERSION = 5.0;
				TARGETED_DEVICE_FAMILY = "1,2";
			};
			name = Debug;
		};
		C24EAEB92C89957300717DF5 /* Release */ = {
			isa = XCBuildConfiguration;
			buildSettings = {
				ASSETCATALOG_COMPILER_APPICON_NAME = AppIcon;
				ASSETCATALOG_COMPILER_GLOBAL_ACCENT_COLOR_NAME = AccentColor;
				CODE_SIGN_STYLE = Automatic;
				CURRENT_PROJECT_VERSION = 1;
				GENERATE_INFOPLIST_FILE = YES;
				INFOPLIST_FILE = CustomAlertView/Info.plist;
				INFOPLIST_KEY_UIApplicationSupportsIndirectInputEvents = YES;
				INFOPLIST_KEY_UILaunchStoryboardName = LaunchScreen;
				INFOPLIST_KEY_UIMainStoryboardFile = Main;
				INFOPLIST_KEY_UISupportedInterfaceOrientations_iPad = "UIInterfaceOrientationPortrait UIInterfaceOrientationPortraitUpsideDown UIInterfaceOrientationLandscapeLeft UIInterfaceOrientationLandscapeRight";
				INFOPLIST_KEY_UISupportedInterfaceOrientations_iPhone = "UIInterfaceOrientationPortrait UIInterfaceOrientationLandscapeLeft UIInterfaceOrientationLandscapeRight";
				LD_RUNPATH_SEARCH_PATHS = (
					"$(inherited)",
					"@executable_path/Frameworks",
				);
				MARKETING_VERSION = 1.0;
				PRODUCT_BUNDLE_IDENTIFIER = com.microsoft.Office.Outlook.CustomAlertView;
				PRODUCT_NAME = "$(TARGET_NAME)";
				SWIFT_EMIT_LOC_STRINGS = YES;
				SWIFT_VERSION = 5.0;
				TARGETED_DEVICE_FAMILY = "1,2";
			};
			name = Release;
		};
		C24EAEBB2C89957300717DF5 /* Debug */ = {
			isa = XCBuildConfiguration;
			buildSettings = {
				ALWAYS_EMBED_SWIFT_STANDARD_LIBRARIES = YES;
				BUNDLE_LOADER = "$(TEST_HOST)";
				CODE_SIGN_STYLE = Automatic;
				CURRENT_PROJECT_VERSION = 1;
				GENERATE_INFOPLIST_FILE = YES;
				IPHONEOS_DEPLOYMENT_TARGET = 17.2;
				MARKETING_VERSION = 1.0;
				PRODUCT_BUNDLE_IDENTIFIER = com.microsoft.Office.Outlook.CustomAlertViewTests;
				PRODUCT_NAME = "$(TARGET_NAME)";
				SWIFT_EMIT_LOC_STRINGS = NO;
				SWIFT_VERSION = 5.0;
				TARGETED_DEVICE_FAMILY = "1,2";
				TEST_HOST = "$(BUILT_PRODUCTS_DIR)/CustomAlertView.app/$(BUNDLE_EXECUTABLE_FOLDER_PATH)/CustomAlertView";
			};
			name = Debug;
		};
		C24EAEBC2C89957300717DF5 /* Release */ = {
			isa = XCBuildConfiguration;
			buildSettings = {
				ALWAYS_EMBED_SWIFT_STANDARD_LIBRARIES = YES;
				BUNDLE_LOADER = "$(TEST_HOST)";
				CODE_SIGN_STYLE = Automatic;
				CURRENT_PROJECT_VERSION = 1;
				GENERATE_INFOPLIST_FILE = YES;
				IPHONEOS_DEPLOYMENT_TARGET = 17.2;
				MARKETING_VERSION = 1.0;
				PRODUCT_BUNDLE_IDENTIFIER = com.microsoft.Office.Outlook.CustomAlertViewTests;
				PRODUCT_NAME = "$(TARGET_NAME)";
				SWIFT_EMIT_LOC_STRINGS = NO;
				SWIFT_VERSION = 5.0;
				TARGETED_DEVICE_FAMILY = "1,2";
				TEST_HOST = "$(BUILT_PRODUCTS_DIR)/CustomAlertView.app/$(BUNDLE_EXECUTABLE_FOLDER_PATH)/CustomAlertView";
			};
			name = Release;
		};
		C24EAEBE2C89957300717DF5 /* Debug */ = {
			isa = XCBuildConfiguration;
			buildSettings = {
				ALWAYS_EMBED_SWIFT_STANDARD_LIBRARIES = YES;
				CODE_SIGN_STYLE = Automatic;
				CURRENT_PROJECT_VERSION = 1;
				GENERATE_INFOPLIST_FILE = YES;
				MARKETING_VERSION = 1.0;
				PRODUCT_BUNDLE_IDENTIFIER = com.microsoft.Office.Outlook.CustomAlertViewUITests;
				PRODUCT_NAME = "$(TARGET_NAME)";
				SWIFT_EMIT_LOC_STRINGS = NO;
				SWIFT_VERSION = 5.0;
				TARGETED_DEVICE_FAMILY = "1,2";
				TEST_TARGET_NAME = CustomAlertView;
			};
			name = Debug;
		};
		C24EAEBF2C89957300717DF5 /* Release */ = {
			isa = XCBuildConfiguration;
			buildSettings = {
				ALWAYS_EMBED_SWIFT_STANDARD_LIBRARIES = YES;
				CODE_SIGN_STYLE = Automatic;
				CURRENT_PROJECT_VERSION = 1;
				GENERATE_INFOPLIST_FILE = YES;
				MARKETING_VERSION = 1.0;
				PRODUCT_BUNDLE_IDENTIFIER = com.microsoft.Office.Outlook.CustomAlertViewUITests;
				PRODUCT_NAME = "$(TARGET_NAME)";
				SWIFT_EMIT_LOC_STRINGS = NO;
				SWIFT_VERSION = 5.0;
				TARGETED_DEVICE_FAMILY = "1,2";
				TEST_TARGET_NAME = CustomAlertView;
			};
			name = Release;
		};
/* End XCBuildConfiguration section */

/* Begin XCConfigurationList section */
		C24EAE882C89957100717DF5 /* Build configuration list for PBXProject "CustomAlertView" */ = {
			isa = XCConfigurationList;
			buildConfigurations = (
				C24EAEB52C89957300717DF5 /* Debug */,
				C24EAEB62C89957300717DF5 /* Release */,
			);
			defaultConfigurationIsVisible = 0;
			defaultConfigurationName = Release;
		};
		C24EAEB72C89957300717DF5 /* Build configuration list for PBXNativeTarget "CustomAlertView" */ = {
			isa = XCConfigurationList;
			buildConfigurations = (
				C24EAEB82C89957300717DF5 /* Debug */,
				C24EAEB92C89957300717DF5 /* Release */,
			);
			defaultConfigurationIsVisible = 0;
			defaultConfigurationName = Release;
		};
		C24EAEBA2C89957300717DF5 /* Build configuration list for PBXNativeTarget "CustomAlertViewTests" */ = {
			isa = XCConfigurationList;
			buildConfigurations = (
				C24EAEBB2C89957300717DF5 /* Debug */,
				C24EAEBC2C89957300717DF5 /* Release */,
			);
			defaultConfigurationIsVisible = 0;
			defaultConfigurationName = Release;
		};
		C24EAEBD2C89957300717DF5 /* Build configuration list for PBXNativeTarget "CustomAlertViewUITests" */ = {
			isa = XCConfigurationList;
			buildConfigurations = (
				C24EAEBE2C89957300717DF5 /* Debug */,
				C24EAEBF2C89957300717DF5 /* Release */,
			);
			defaultConfigurationIsVisible = 0;
			defaultConfigurationName = Release;
		};
/* End XCConfigurationList section */
	};
	rootObject = C24EAE852C89957100717DF5 /* Project object */;
}
